{
  "name": "warmer",
  "version": "5.5.0",
  "lockfileVersion": 3,
  "requires": true,
  "packages": {
    "": {
      "name": "warmer",
      "version": "5.5.0",
      "license": "Apache-2.0",
      "dependencies": {
        "@aws-crypto/sha256-js": "^5.2.0",
        "@smithy/node-http-handler": "^3.3.2",
        "@smithy/protocol-http": "^4.1.8",
        "@smithy/signature-v4": "^4.2.4",
        "@smithy/util-retry": "^3.0.11"
      }
    },
    "node_modules/@aws-crypto/sha256-js": {
      "version": "5.2.0",
      "resolved": "https://registry.npmjs.org/@aws-crypto/sha256-js/-/sha256-js-5.2.0.tgz",
      "integrity": "sha512-FFQQyu7edu4ufvIZ+OadFpHHOt+eSTBaYaki44c+akjg7qZg9oOQeLlk77F6tSYqjDAFClrHJk9tMf0HdVyOvA==",
      "dependencies": {
        "@aws-crypto/util": "^5.2.0",
        "@aws-sdk/types": "^3.222.0",
        "tslib": "^2.6.2"
      },
      "engines": {
        "node": ">=16.0.0"
      }
    },
    "node_modules/@aws-crypto/sha256-js/node_modules/@aws-crypto/util": {
      "version": "5.2.0",
      "resolved": "https://registry.npmjs.org/@aws-crypto/util/-/util-5.2.0.tgz",
      "integrity": "sha512-4RkU9EsI6ZpBve5fseQlGNUWKMa1RLPQ1dnjnQoe07ldfIzcsGb5hC5W0Dm7u423KWzawlrpbjXBrXCEv9zazQ==",
      "dependencies": {
        "@aws-sdk/types": "^3.222.0",
        "@smithy/util-utf8": "^2.0.0",
        "tslib": "^2.6.2"
      }
    },
    "node_modules/@aws-sdk/types": {
      "version": "3.502.0",
      "resolved": "https://registry.npmjs.org/@aws-sdk/types/-/types-3.502.0.tgz",
      "integrity": "sha512-M0DSPYe/gXhwD2QHgoukaZv5oDxhW3FfvYIrJptyqUq3OnPJBcDbihHjrE0PBtfh/9kgMZT60/fQ2NVFANfa2g==",
      "dependencies": {
        "@smithy/types": "^2.9.1",
        "tslib": "^2.5.0"
      },
      "engines": {
        "node": ">=14.0.0"
      }
    },
    "node_modules/@smithy/abort-controller": {
      "version": "3.1.9",
      "resolved": "https://registry.npmjs.org/@smithy/abort-controller/-/abort-controller-3.1.9.tgz",
      "integrity": "sha512-yiW0WI30zj8ZKoSYNx90no7ugVn3khlyH/z5W8qtKBtVE6awRALbhSG+2SAHA1r6bO/6M9utxYKVZ3PCJ1rWxw==",
      "dependencies": {
        "@smithy/types": "^3.7.2",
        "tslib": "^2.6.2"
      },
      "engines": {
        "node": ">=16.0.0"
      }
    },
    "node_modules/@smithy/abort-controller/node_modules/@smithy/types": {
      "version": "3.7.2",
      "resolved": "https://registry.npmjs.org/@smithy/types/-/types-3.7.2.tgz",
      "integrity": "sha512-bNwBYYmN8Eh9RyjS1p2gW6MIhSO2rl7X9QeLM8iTdcGRP+eDiIWDt66c9IysCc22gefKszZv+ubV9qZc7hdESg==",
      "dependencies": {
        "tslib": "^2.6.2"
      },
      "engines": {
        "node": ">=16.0.0"
      }
    },
    "node_modules/@smithy/is-array-buffer": {
      "version": "2.1.1",
      "resolved": "https://registry.npmjs.org/@smithy/is-array-buffer/-/is-array-buffer-2.1.1.tgz",
      "integrity": "sha512-xozSQrcUinPpNPNPds4S7z/FakDTh1MZWtRP/2vQtYB/u3HYrX2UXuZs+VhaKBd6Vc7g2XPr2ZtwGBNDN6fNKQ==",
      "dependencies": {
        "tslib": "^2.5.0"
      },
      "engines": {
        "node": ">=14.0.0"
      }
    },
    "node_modules/@smithy/node-http-handler": {
      "version": "3.3.2",
      "resolved": "https://registry.npmjs.org/@smithy/node-http-handler/-/node-http-handler-3.3.2.tgz",
      "integrity": "sha512-t4ng1DAd527vlxvOfKFYEe6/QFBcsj7WpNlWTyjorwXXcKw3XlltBGbyHfSJ24QT84nF+agDha9tNYpzmSRZPA==",
      "dependencies": {
        "@smithy/abort-controller": "^3.1.9",
        "@smithy/protocol-http": "^4.1.8",
        "@smithy/querystring-builder": "^3.0.11",
        "@smithy/types": "^3.7.2",
        "tslib": "^2.6.2"
      },
      "engines": {
        "node": ">=16.0.0"
      }
    },
    "node_modules/@smithy/node-http-handler/node_modules/@smithy/types": {
      "version": "3.7.2",
      "resolved": "https://registry.npmjs.org/@smithy/types/-/types-3.7.2.tgz",
      "integrity": "sha512-bNwBYYmN8Eh9RyjS1p2gW6MIhSO2rl7X9QeLM8iTdcGRP+eDiIWDt66c9IysCc22gefKszZv+ubV9qZc7hdESg==",
      "dependencies": {
        "tslib": "^2.6.2"
      },
      "engines": {
        "node": ">=16.0.0"
      }
    },
    "node_modules/@smithy/protocol-http": {
      "version": "4.1.8",
      "resolved": "https://registry.npmjs.org/@smithy/protocol-http/-/protocol-http-4.1.8.tgz",
      "integrity": "sha512-hmgIAVyxw1LySOwkgMIUN0kjN8TG9Nc85LJeEmEE/cNEe2rkHDUWhnJf2gxcSRFLWsyqWsrZGw40ROjUogg+Iw==",
      "dependencies": {
        "@smithy/types": "^3.7.2",
        "tslib": "^2.6.2"
      },
      "engines": {
        "node": ">=16.0.0"
      }
    },
    "node_modules/@smithy/protocol-http/node_modules/@smithy/types": {
      "version": "3.7.2",
      "resolved": "https://registry.npmjs.org/@smithy/types/-/types-3.7.2.tgz",
      "integrity": "sha512-bNwBYYmN8Eh9RyjS1p2gW6MIhSO2rl7X9QeLM8iTdcGRP+eDiIWDt66c9IysCc22gefKszZv+ubV9qZc7hdESg==",
      "dependencies": {
        "tslib": "^2.6.2"
      },
      "engines": {
        "node": ">=16.0.0"
      }
    },
    "node_modules/@smithy/querystring-builder": {
      "version": "3.0.11",
      "resolved": "https://registry.npmjs.org/@smithy/querystring-builder/-/querystring-builder-3.0.11.tgz",
      "integrity": "sha512-u+5HV/9uJaeLj5XTb6+IEF/dokWWkEqJ0XiaRRogyREmKGUgZnNecLucADLdauWFKUNbQfulHFEZEdjwEBjXRg==",
      "dependencies": {
        "@smithy/types": "^3.7.2",
        "@smithy/util-uri-escape": "^3.0.0",
        "tslib": "^2.6.2"
      },
      "engines": {
        "node": ">=16.0.0"
      }
    },
    "node_modules/@smithy/querystring-builder/node_modules/@smithy/types": {
      "version": "3.7.2",
      "resolved": "https://registry.npmjs.org/@smithy/types/-/types-3.7.2.tgz",
      "integrity": "sha512-bNwBYYmN8Eh9RyjS1p2gW6MIhSO2rl7X9QeLM8iTdcGRP+eDiIWDt66c9IysCc22gefKszZv+ubV9qZc7hdESg==",
      "dependencies": {
        "tslib": "^2.6.2"
      },
      "engines": {
        "node": ">=16.0.0"
      }
    },
    "node_modules/@smithy/service-error-classification": {
      "version": "3.0.11",
      "resolved": "https://registry.npmjs.org/@smithy/service-error-classification/-/service-error-classification-3.0.11.tgz",
      "integrity": "sha512-QnYDPkyewrJzCyaeI2Rmp7pDwbUETe+hU8ADkXmgNusO1bgHBH7ovXJiYmba8t0fNfJx75fE8dlM6SEmZxheog==",
      "dependencies": {
        "@smithy/types": "^3.7.2"
      },
      "engines": {
        "node": ">=16.0.0"
      }
    },
    "node_modules/@smithy/service-error-classification/node_modules/@smithy/types": {
      "version": "3.7.2",
      "resolved": "https://registry.npmjs.org/@smithy/types/-/types-3.7.2.tgz",
      "integrity": "sha512-bNwBYYmN8Eh9RyjS1p2gW6MIhSO2rl7X9QeLM8iTdcGRP+eDiIWDt66c9IysCc22gefKszZv+ubV9qZc7hdESg==",
      "dependencies": {
        "tslib": "^2.6.2"
      },
      "engines": {
        "node": ">=16.0.0"
      }
    },
    "node_modules/@smithy/signature-v4": {
      "version": "4.2.4",
      "resolved": "https://registry.npmjs.org/@smithy/signature-v4/-/signature-v4-4.2.4.tgz",
      "integrity": "sha512-5JWeMQYg81TgU4cG+OexAWdvDTs5JDdbEZx+Qr1iPbvo91QFGzjy0IkXAKaXUHqmKUJgSHK0ZxnCkgZpzkeNTA==",
      "dependencies": {
        "@smithy/is-array-buffer": "^3.0.0",
        "@smithy/protocol-http": "^4.1.8",
        "@smithy/types": "^3.7.2",
        "@smithy/util-hex-encoding": "^3.0.0",
        "@smithy/util-middleware": "^3.0.11",
        "@smithy/util-uri-escape": "^3.0.0",
        "@smithy/util-utf8": "^3.0.0",
        "tslib": "^2.6.2"
      },
      "engines": {
        "node": ">=16.0.0"
      }
    },
    "node_modules/@smithy/signature-v4/node_modules/@smithy/is-array-buffer": {
      "version": "3.0.0",
      "resolved": "https://registry.npmjs.org/@smithy/is-array-buffer/-/is-array-buffer-3.0.0.tgz",
      "integrity": "sha512-+Fsu6Q6C4RSJiy81Y8eApjEB5gVtM+oFKTffg+jSuwtvomJJrhUJBu2zS8wjXSgH/g1MKEWrzyChTBe6clb5FQ==",
      "dependencies": {
        "tslib": "^2.6.2"
      },
      "engines": {
        "node": ">=16.0.0"
      }
    },
    "node_modules/@smithy/signature-v4/node_modules/@smithy/types": {
      "version": "3.7.2",
      "resolved": "https://registry.npmjs.org/@smithy/types/-/types-3.7.2.tgz",
      "integrity": "sha512-bNwBYYmN8Eh9RyjS1p2gW6MIhSO2rl7X9QeLM8iTdcGRP+eDiIWDt66c9IysCc22gefKszZv+ubV9qZc7hdESg==",
      "dependencies": {
        "tslib": "^2.6.2"
      },
      "engines": {
        "node": ">=16.0.0"
      }
    },
    "node_modules/@smithy/signature-v4/node_modules/@smithy/util-buffer-from": {
      "version": "3.0.0",
      "resolved": "https://registry.npmjs.org/@smithy/util-buffer-from/-/util-buffer-from-3.0.0.tgz",
      "integrity": "sha512-aEOHCgq5RWFbP+UDPvPot26EJHjOC+bRgse5A8V3FSShqd5E5UN4qc7zkwsvJPPAVsf73QwYcHN1/gt/rtLwQA==",
      "dependencies": {
        "@smithy/is-array-buffer": "^3.0.0",
        "tslib": "^2.6.2"
      },
      "engines": {
        "node": ">=16.0.0"
      }
    },
    "node_modules/@smithy/signature-v4/node_modules/@smithy/util-utf8": {
      "version": "3.0.0",
      "resolved": "https://registry.npmjs.org/@smithy/util-utf8/-/util-utf8-3.0.0.tgz",
      "integrity": "sha512-rUeT12bxFnplYDe815GXbq/oixEGHfRFFtcTF3YdDi/JaENIM6aSYYLJydG83UNzLXeRI5K8abYd/8Sp/QM0kA==",
      "dependencies": {
        "@smithy/util-buffer-from": "^3.0.0",
        "tslib": "^2.6.2"
      },
      "engines": {
        "node": ">=16.0.0"
      }
    },
    "node_modules/@smithy/types": {
      "version": "2.9.1",
      "resolved": "https://registry.npmjs.org/@smithy/types/-/types-2.9.1.tgz",
      "integrity": "sha512-vjXlKNXyprDYDuJ7UW5iobdmyDm6g8dDG+BFUncAg/3XJaN45Gy5RWWWUVgrzIK7S4R1KWgIX5LeJcfvSI24bw==",
      "dependencies": {
        "tslib": "^2.5.0"
      },
      "engines": {
        "node": ">=14.0.0"
      }
    },
    "node_modules/@smithy/util-buffer-from": {
      "version": "2.1.1",
      "resolved": "https://registry.npmjs.org/@smithy/util-buffer-from/-/util-buffer-from-2.1.1.tgz",
      "integrity": "sha512-clhNjbyfqIv9Md2Mg6FffGVrJxw7bgK7s3Iax36xnfVj6cg0fUG7I4RH0XgXJF8bxi+saY5HR21g2UPKSxVCXg==",
      "dependencies": {
        "@smithy/is-array-buffer": "^2.1.1",
        "tslib": "^2.5.0"
      },
      "engines": {
        "node": ">=14.0.0"
      }
    },
    "node_modules/@smithy/util-hex-encoding": {
      "version": "3.0.0",
      "resolved": "https://registry.npmjs.org/@smithy/util-hex-encoding/-/util-hex-encoding-3.0.0.tgz",
      "integrity": "sha512-eFndh1WEK5YMUYvy3lPlVmYY/fZcQE1D8oSf41Id2vCeIkKJXPcYDCZD+4+xViI6b1XSd7tE+s5AmXzz5ilabQ==",
      "dependencies": {
        "tslib": "^2.6.2"
      },
      "engines": {
        "node": ">=16.0.0"
      }
    },
    "node_modules/@smithy/util-middleware": {
      "version": "3.0.11",
      "resolved": "https://registry.npmjs.org/@smithy/util-middleware/-/util-middleware-3.0.11.tgz",
      "integrity": "sha512-dWpyc1e1R6VoXrwLoLDd57U1z6CwNSdkM69Ie4+6uYh2GC7Vg51Qtan7ITzczuVpqezdDTKJGJB95fFvvjU/ow==",
      "dependencies": {
        "@smithy/types": "^3.7.2",
        "tslib": "^2.6.2"
      },
      "engines": {
        "node": ">=16.0.0"
      }
    },
    "node_modules/@smithy/util-middleware/node_modules/@smithy/types": {
      "version": "3.7.2",
      "resolved": "https://registry.npmjs.org/@smithy/types/-/types-3.7.2.tgz",
      "integrity": "sha512-bNwBYYmN8Eh9RyjS1p2gW6MIhSO2rl7X9QeLM8iTdcGRP+eDiIWDt66c9IysCc22gefKszZv+ubV9qZc7hdESg==",
      "dependencies": {
        "tslib": "^2.6.2"
      },
      "engines": {
        "node": ">=16.0.0"
      }
    },
    "node_modules/@smithy/util-retry": {
      "version": "3.0.11",
      "resolved": "https://registry.npmjs.org/@smithy/util-retry/-/util-retry-3.0.11.tgz",
      "integrity": "sha512-hJUC6W7A3DQgaee3Hp9ZFcOxVDZzmBIRBPlUAk8/fSOEl7pE/aX7Dci0JycNOnm9Mfr0KV2XjIlUOcGWXQUdVQ==",
      "dependencies": {
        "@smithy/service-error-classification": "^3.0.11",
        "@smithy/types": "^3.7.2",
        "tslib": "^2.6.2"
      },
      "engines": {
        "node": ">=16.0.0"
      }
    },
    "node_modules/@smithy/util-retry/node_modules/@smithy/types": {
      "version": "3.7.2",
      "resolved": "https://registry.npmjs.org/@smithy/types/-/types-3.7.2.tgz",
      "integrity": "sha512-bNwBYYmN8Eh9RyjS1p2gW6MIhSO2rl7X9QeLM8iTdcGRP+eDiIWDt66c9IysCc22gefKszZv+ubV9qZc7hdESg==",
      "dependencies": {
        "tslib": "^2.6.2"
      },
      "engines": {
        "node": ">=16.0.0"
      }
    },
    "node_modules/@smithy/util-uri-escape": {
      "version": "3.0.0",
      "resolved": "https://registry.npmjs.org/@smithy/util-uri-escape/-/util-uri-escape-3.0.0.tgz",
      "integrity": "sha512-LqR7qYLgZTD7nWLBecUi4aqolw8Mhza9ArpNEQ881MJJIU2sE5iHCK6TdyqqzcDLy0OPe10IY4T8ctVdtynubg==",
      "dependencies": {
        "tslib": "^2.6.2"
      },
      "engines": {
        "node": ">=16.0.0"
      }
    },
    "node_modules/@smithy/util-utf8": {
      "version": "2.1.1",
      "resolved": "https://registry.npmjs.org/@smithy/util-utf8/-/util-utf8-2.1.1.tgz",
      "integrity": "sha512-BqTpzYEcUMDwAKr7/mVRUtHDhs6ZoXDi9NypMvMfOr/+u1NW7JgqodPDECiiLboEm6bobcPcECxzjtQh865e9A==",
      "dependencies": {
        "@smithy/util-buffer-from": "^2.1.1",
        "tslib": "^2.5.0"
      },
      "engines": {
        "node": ">=14.0.0"
      }
    },
    "node_modules/tslib": {
      "version": "2.6.2",
      "resolved": "https://registry.npmjs.org/tslib/-/tslib-2.6.2.tgz",
      "integrity": "sha512-AEYxH93jGFPn/a2iVAwW87VuUIkR1FVUKB77NwMF7nBTDkDrrT/Hpt/IrCJ0QXhW27jTBDcf5ZY7w6RiqTMw2Q=="
    }
  }
}
