{
    "name": "createrecenttopicsresponse",
    "version": "7.3.9",
    "lockfileVersion": 2,
    "requires": true,
    "packages": {
        "": {
            "name": "createrecenttopicsresponse",
            "version": "7.3.9",
            "license": "Apache-2.0",
            "dependencies": {
                "lodash": "^4.17.23"
            }
        },
        "node_modules/lodash": {
            "version": "4.18.1",
            "resolved": "https://registry.npmjs.org/lodash/-/lodash-4.18.1.tgz",
            "integrity": "sha512-dMInicTPVE8d1e5otfwmmjlxkZoUpiVLwyeTdUsi/Caj/gfzzblBcCE5sRHV/AsjuCmxWrte2TNGSYuCeCq+0Q==",
            "license": "MIT"
        }
    },
    "dependencies": {
        "lodash": {
            "version": "4.18.1",
            "resolved": "https://registry.npmjs.org/lodash/-/lodash-4.18.1.tgz",
            "integrity": "sha512-dMInicTPVE8d1e5otfwmmjlxkZoUpiVLwyeTdUsi/Caj/gfzzblBcCE5sRHV/AsjuCmxWrte2TNGSYuCeCq+0Q=="
        }
    }
}
