{
  "name": "cfn-lambda-layer",
  "version": "1.0.0",
  "lockfileVersion": 2,
  "requires": true,
  "packages": {
    "": {
      "name": "cfn-lambda-layer",
      "version": "1.0.0",
      "license": "ISC",
      "dependencies": {
        "cfn-lambda": "^0.8.1"
      }
    },
    "node_modules/cfn-lambda": {
      "version": "0.8.1",
      "resolved": "https://registry.npmjs.org/cfn-lambda/-/cfn-lambda-0.8.1.tgz",
      "integrity": "sha1-8BYd+M/2ASzTmsZ1jcnvNdBA/u0=",
      "dependencies": {
        "jayschema": "0.3.1"
      }
    },
    "node_modules/jayschema": {
      "version": "0.3.1",
      "resolved": "https://registry.npmjs.org/jayschema/-/jayschema-0.3.1.tgz",
      "integrity": "sha1-dvR2n5sXLvfV3N5IdbSctzYXm1g=",
      "deprecated": "this project is no longer maintained",
      "dependencies": {
        "when": "~3.4.6"
      },
      "bin": {
        "jayschema": "bin/validate.js"
      },
      "engines": {
        "node": ">=0.6.6"
      }
    },
    "node_modules/when": {
      "version": "3.4.6",
      "resolved": "https://registry.npmjs.org/when/-/when-3.4.6.tgz",
      "integrity": "sha1-j7y3zBQ50sOmjEMfFRbm3M6a0ow="
    }
  },
  "dependencies": {
    "cfn-lambda": {
      "version": "0.8.1",
      "resolved": "https://registry.npmjs.org/cfn-lambda/-/cfn-lambda-0.8.1.tgz",
      "integrity": "sha1-8BYd+M/2ASzTmsZ1jcnvNdBA/u0=",
      "requires": {
        "jayschema": "0.3.1"
      }
    },
    "jayschema": {
      "version": "0.3.1",
      "resolved": "https://registry.npmjs.org/jayschema/-/jayschema-0.3.1.tgz",
      "integrity": "sha1-dvR2n5sXLvfV3N5IdbSctzYXm1g=",
      "requires": {
        "when": "~3.4.6"
      }
    },
    "when": {
      "version": "3.4.6",
      "resolved": "https://registry.npmjs.org/when/-/when-3.4.6.tgz",
      "integrity": "sha1-j7y3zBQ50sOmjEMfFRbm3M6a0ow="
    }
  }
}
